
Microsoft Visual Studio Solution File, Format Version 12.00
# Visual Studio Version 16
VisualStudioVersion = 16.0.30204.135
MinimumVisualStudioVersion = 10.0.40219.1
Project("{2150E333-8FDC-42A3-9474-1A3956D46DE8}") = "Backend", "Backend", "{BF50D29B-88C8-4324-A771-FC99BAEA8F11}"
EndProject
Project("{2150E333-8FDC-42A3-9474-1A3956D46DE8}") = "Frontend", "Frontend", "{C621FD67-EA50-4AF5-A489-9C2A5E2E9EEA}"
EndProject
Project("{2150E333-8FDC-42A3-9474-1A3956D46DE8}") = "Common", "Common", "{ED7B1CE3-0A98-4419-886C-0A6681E64DC8}"
EndProject
Project("{9A19103F-16F7-4668-BE54-9A1E7A4F7556}") = "ShopSale.Common", "ShopSale.Common\ShopSale.Common.csproj", "{F5F634E8-2FA3-4324-B209-00D07E489441}"
EndProject
Project("{9A19103F-16F7-4668-BE54-9A1E7A4F7556}") = "ShopSale.WebSite", "ShopSale.WebSite\ShopSale.WebSite.csproj", "{26C12E2A-7AA8-44CD-850A-659F6C7935E3}"
EndProject
Project("{2150E333-8FDC-42A3-9474-1A3956D46DE8}") = "Forms", "Forms", "{30AB8EC1-5A92-4AE9-9160-C9496A1DD1DC}"
EndProject
Project("{2150E333-8FDC-42A3-9474-1A3956D46DE8}") = "Classic", "Classic", "{A175A17B-7DF3-4F6F-945A-8E1B527F9F71}"
EndProject
Project("{FAE04EC0-301F-11D3-BF4B-00C04F79EFBC}") = "ShopSale.UIForms.Android", "ShopSale.UIForms\ShopSale.UIForms.Android\ShopSale.UIForms.Android.csproj", "{20F52600-8CC5-4DAD-97D0-D25E6E40B971}"
EndProject
Project("{FAE04EC0-301F-11D3-BF4B-00C04F79EFBC}") = "ShopSale.UIForms.iOS", "ShopSale.UIForms\ShopSale.UIForms.iOS\ShopSale.UIForms.iOS.csproj", "{79EC29A4-C629-4EEF-A846-3740781C47B6}"
EndProject
Project("{9A19103F-16F7-4668-BE54-9A1E7A4F7556}") = "ShopSale.UIForms", "ShopSale.UIForms\ShopSale.UIForms\ShopSale.UIForms.csproj", "{C8A57414-9047-4F43-9B74-D4C8B558DBA2}"
EndProject
Project("{FAE04EC0-301F-11D3-BF4B-00C04F79EFBC}") = "ShopSale.UIClassic.Android", "ShopSale.UIClassic.Android\ShopSale.UIClassic.Android.csproj", "{93C94B87-7435-4951-A33F-A3F81F898EE5}"
EndProject
Project("{FAE04EC0-301F-11D3-BF4B-00C04F79EFBC}") = "ShopSale.UIClassic.iOS", "ShopSale.UIClassic.iOS\ShopSale.UIClassic.iOS.csproj", "{2956492F-10C1-4C34-9B98-8F89BD58B20B}"
EndProject
Global
	GlobalSection(SolutionConfigurationPlatforms) = preSolution
		Debug|Any CPU = Debug|Any CPU
		Debug|iPhone = Debug|iPhone
		Debug|iPhoneSimulator = Debug|iPhoneSimulator
		Release|Any CPU = Release|Any CPU
		Release|iPhone = Release|iPhone
		Release|iPhoneSimulator = Release|iPhoneSimulator
	EndGlobalSection
	GlobalSection(ProjectConfigurationPlatforms) = postSolution
		{F5F634E8-2FA3-4324-B209-00D07E489441}.Debug|Any CPU.ActiveCfg = Debug|Any CPU
		{F5F634E8-2FA3-4324-B209-00D07E489441}.Debug|Any CPU.Build.0 = Debug|Any CPU
		{F5F634E8-2FA3-4324-B209-00D07E489441}.Debug|iPhone.ActiveCfg = Debug|Any CPU
		{F5F634E8-2FA3-4324-B209-00D07E489441}.Debug|iPhone.Build.0 = Debug|Any CPU
		{F5F634E8-2FA3-4324-B209-00D07E489441}.Debug|iPhoneSimulator.ActiveCfg = Debug|Any CPU
		{F5F634E8-2FA3-4324-B209-00D07E489441}.Debug|iPhoneSimulator.Build.0 = Debug|Any CPU
		{F5F634E8-2FA3-4324-B209-00D07E489441}.Release|Any CPU.ActiveCfg = Release|Any CPU
		{F5F634E8-2FA3-4324-B209-00D07E489441}.Release|Any CPU.Build.0 = Release|Any CPU
		{F5F634E8-2FA3-4324-B209-00D07E489441}.Release|iPhone.ActiveCfg = Release|Any CPU
		{F5F634E8-2FA3-4324-B209-00D07E489441}.Release|iPhone.Build.0 = Release|Any CPU
		{F5F634E8-2FA3-4324-B209-00D07E489441}.Release|iPhoneSimulator.ActiveCfg = Release|Any CPU
		{F5F634E8-2FA3-4324-B209-00D07E489441}.Release|iPhoneSimulator.Build.0 = Release|Any CPU
		{26C12E2A-7AA8-44CD-850A-659F6C7935E3}.Debug|Any CPU.ActiveCfg = Debug|Any CPU
		{26C12E2A-7AA8-44CD-850A-659F6C7935E3}.Debug|Any CPU.Build.0 = Debug|Any CPU
		{26C12E2A-7AA8-44CD-850A-659F6C7935E3}.Debug|iPhone.ActiveCfg = Debug|Any CPU
		{26C12E2A-7AA8-44CD-850A-659F6C7935E3}.Debug|iPhone.Build.0 = Debug|Any CPU
		{26C12E2A-7AA8-44CD-850A-659F6C7935E3}.Debug|iPhoneSimulator.ActiveCfg = Debug|Any CPU
		{26C12E2A-7AA8-44CD-850A-659F6C7935E3}.Debug|iPhoneSimulator.Build.0 = Debug|Any CPU
		{26C12E2A-7AA8-44CD-850A-659F6C7935E3}.Release|Any CPU.ActiveCfg = Release|Any CPU
		{26C12E2A-7AA8-44CD-850A-659F6C7935E3}.Release|Any CPU.Build.0 = Release|Any CPU
		{26C12E2A-7AA8-44CD-850A-659F6C7935E3}.Release|iPhone.ActiveCfg = Release|Any CPU
		{26C12E2A-7AA8-44CD-850A-659F6C7935E3}.Release|iPhone.Build.0 = Release|Any CPU
		{26C12E2A-7AA8-44CD-850A-659F6C7935E3}.Release|iPhoneSimulator.ActiveCfg = Release|Any CPU
		{26C12E2A-7AA8-44CD-850A-659F6C7935E3}.Release|iPhoneSimulator.Build.0 = Release|Any CPU
		{20F52600-8CC5-4DAD-97D0-D25E6E40B971}.Debug|Any CPU.ActiveCfg = Debug|Any CPU
		{20F52600-8CC5-4DAD-97D0-D25E6E40B971}.Debug|Any CPU.Build.0 = Debug|Any CPU
		{20F52600-8CC5-4DAD-97D0-D25E6E40B971}.Debug|Any CPU.Deploy.0 = Debug|Any CPU
		{20F52600-8CC5-4DAD-97D0-D25E6E40B971}.Debug|iPhone.ActiveCfg = Debug|Any CPU
		{20F52600-8CC5-4DAD-97D0-D25E6E40B971}.Debug|iPhone.Build.0 = Debug|Any CPU
		{20F52600-8CC5-4DAD-97D0-D25E6E40B971}.Debug|iPhone.Deploy.0 = Debug|Any CPU
		{20F52600-8CC5-4DAD-97D0-D25E6E40B971}.Debug|iPhoneSimulator.ActiveCfg = Debug|Any CPU
		{20F52600-8CC5-4DAD-97D0-D25E6E40B971}.Debug|iPhoneSimulator.Build.0 = Debug|Any CPU
		{20F52600-8CC5-4DAD-97D0-D25E6E40B971}.Debug|iPhoneSimulator.Deploy.0 = Debug|Any CPU
		{20F52600-8CC5-4DAD-97D0-D25E6E40B971}.Release|Any CPU.ActiveCfg = Release|Any CPU
		{20F52600-8CC5-4DAD-97D0-D25E6E40B971}.Release|Any CPU.Build.0 = Release|Any CPU
		{20F52600-8CC5-4DAD-97D0-D25E6E40B971}.Release|Any CPU.Deploy.0 = Release|Any CPU
		{20F52600-8CC5-4DAD-97D0-D25E6E40B971}.Release|iPhone.ActiveCfg = Release|Any CPU
		{20F52600-8CC5-4DAD-97D0-D25E6E40B971}.Release|iPhone.Build.0 = Release|Any CPU
		{20F52600-8CC5-4DAD-97D0-D25E6E40B971}.Release|iPhone.Deploy.0 = Release|Any CPU
		{20F52600-8CC5-4DAD-97D0-D25E6E40B971}.Release|iPhoneSimulator.ActiveCfg = Release|Any CPU
		{20F52600-8CC5-4DAD-97D0-D25E6E40B971}.Release|iPhoneSimulator.Build.0 = Release|Any CPU
		{20F52600-8CC5-4DAD-97D0-D25E6E40B971}.Release|iPhoneSimulator.Deploy.0 = Release|Any CPU
		{79EC29A4-C629-4EEF-A846-3740781C47B6}.Debug|Any CPU.ActiveCfg = Debug|iPhone
		{79EC29A4-C629-4EEF-A846-3740781C47B6}.Debug|iPhone.ActiveCfg = Debug|iPhone
		{79EC29A4-C629-4EEF-A846-3740781C47B6}.Debug|iPhone.Build.0 = Debug|iPhone
		{79EC29A4-C629-4EEF-A846-3740781C47B6}.Debug|iPhoneSimulator.ActiveCfg = Debug|iPhoneSimulator
		{79EC29A4-C629-4EEF-A846-3740781C47B6}.Debug|iPhoneSimulator.Build.0 = Debug|iPhoneSimulator
		{79EC29A4-C629-4EEF-A846-3740781C47B6}.Release|Any CPU.ActiveCfg = Release|iPhone
		{79EC29A4-C629-4EEF-A846-3740781C47B6}.Release|iPhone.ActiveCfg = Release|iPhone
		{79EC29A4-C629-4EEF-A846-3740781C47B6}.Release|iPhone.Build.0 = Release|iPhone
		{79EC29A4-C629-4EEF-A846-3740781C47B6}.Release|iPhoneSimulator.ActiveCfg = Release|iPhoneSimulator
		{79EC29A4-C629-4EEF-A846-3740781C47B6}.Release|iPhoneSimulator.Build.0 = Release|iPhoneSimulator
		{C8A57414-9047-4F43-9B74-D4C8B558DBA2}.Debug|Any CPU.ActiveCfg = Debug|Any CPU
		{C8A57414-9047-4F43-9B74-D4C8B558DBA2}.Debug|Any CPU.Build.0 = Debug|Any CPU
		{C8A57414-9047-4F43-9B74-D4C8B558DBA2}.Debug|iPhone.ActiveCfg = Debug|Any CPU
		{C8A57414-9047-4F43-9B74-D4C8B558DBA2}.Debug|iPhone.Build.0 = Debug|Any CPU
		{C8A57414-9047-4F43-9B74-D4C8B558DBA2}.Debug|iPhoneSimulator.ActiveCfg = Debug|Any CPU
		{C8A57414-9047-4F43-9B74-D4C8B558DBA2}.Debug|iPhoneSimulator.Build.0 = Debug|Any CPU
		{C8A57414-9047-4F43-9B74-D4C8B558DBA2}.Release|Any CPU.ActiveCfg = Release|Any CPU
		{C8A57414-9047-4F43-9B74-D4C8B558DBA2}.Release|Any CPU.Build.0 = Release|Any CPU
		{C8A57414-9047-4F43-9B74-D4C8B558DBA2}.Release|iPhone.ActiveCfg = Release|Any CPU
		{C8A57414-9047-4F43-9B74-D4C8B558DBA2}.Release|iPhone.Build.0 = Release|Any CPU
		{C8A57414-9047-4F43-9B74-D4C8B558DBA2}.Release|iPhoneSimulator.ActiveCfg = Release|Any CPU
		{C8A57414-9047-4F43-9B74-D4C8B558DBA2}.Release|iPhoneSimulator.Build.0 = Release|Any CPU
		{93C94B87-7435-4951-A33F-A3F81F898EE5}.Debug|Any CPU.ActiveCfg = Debug|Any CPU
		{93C94B87-7435-4951-A33F-A3F81F898EE5}.Debug|Any CPU.Build.0 = Debug|Any CPU
		{93C94B87-7435-4951-A33F-A3F81F898EE5}.Debug|Any CPU.Deploy.0 = Debug|Any CPU
		{93C94B87-7435-4951-A33F-A3F81F898EE5}.Debug|iPhone.ActiveCfg = Debug|Any CPU
		{93C94B87-7435-4951-A33F-A3F81F898EE5}.Debug|iPhone.Build.0 = Debug|Any CPU
		{93C94B87-7435-4951-A33F-A3F81F898EE5}.Debug|iPhone.Deploy.0 = Debug|Any CPU
		{93C94B87-7435-4951-A33F-A3F81F898EE5}.Debug|iPhoneSimulator.ActiveCfg = Debug|Any CPU
		{93C94B87-7435-4951-A33F-A3F81F898EE5}.Debug|iPhoneSimulator.Build.0 = Debug|Any CPU
		{93C94B87-7435-4951-A33F-A3F81F898EE5}.Debug|iPhoneSimulator.Deploy.0 = Debug|Any CPU
		{93C94B87-7435-4951-A33F-A3F81F898EE5}.Release|Any CPU.ActiveCfg = Release|Any CPU
		{93C94B87-7435-4951-A33F-A3F81F898EE5}.Release|Any CPU.Build.0 = Release|Any CPU
		{93C94B87-7435-4951-A33F-A3F81F898EE5}.Release|Any CPU.Deploy.0 = Release|Any CPU
		{93C94B87-7435-4951-A33F-A3F81F898EE5}.Release|iPhone.ActiveCfg = Release|Any CPU
		{93C94B87-7435-4951-A33F-A3F81F898EE5}.Release|iPhone.Build.0 = Release|Any CPU
		{93C94B87-7435-4951-A33F-A3F81F898EE5}.Release|iPhone.Deploy.0 = Release|Any CPU
		{93C94B87-7435-4951-A33F-A3F81F898EE5}.Release|iPhoneSimulator.ActiveCfg = Release|Any CPU
		{93C94B87-7435-4951-A33F-A3F81F898EE5}.Release|iPhoneSimulator.Build.0 = Release|Any CPU
		{93C94B87-7435-4951-A33F-A3F81F898EE5}.Release|iPhoneSimulator.Deploy.0 = Release|Any CPU
		{2956492F-10C1-4C34-9B98-8F89BD58B20B}.Debug|Any CPU.ActiveCfg = Debug|iPhone
		{2956492F-10C1-4C34-9B98-8F89BD58B20B}.Debug|iPhone.ActiveCfg = Debug|iPhone
		{2956492F-10C1-4C34-9B98-8F89BD58B20B}.Debug|iPhone.Build.0 = Debug|iPhone
		{2956492F-10C1-4C34-9B98-8F89BD58B20B}.Debug|iPhoneSimulator.ActiveCfg = Debug|iPhoneSimulator
		{2956492F-10C1-4C34-9B98-8F89BD58B20B}.Debug|iPhoneSimulator.Build.0 = Debug|iPhoneSimulator
		{2956492F-10C1-4C34-9B98-8F89BD58B20B}.Release|Any CPU.ActiveCfg = Release|iPhone
		{2956492F-10C1-4C34-9B98-8F89BD58B20B}.Release|iPhone.ActiveCfg = Release|iPhone
		{2956492F-10C1-4C34-9B98-8F89BD58B20B}.Release|iPhone.Build.0 = Release|iPhone
		{2956492F-10C1-4C34-9B98-8F89BD58B20B}.Release|iPhoneSimulator.ActiveCfg = Release|iPhoneSimulator
		{2956492F-10C1-4C34-9B98-8F89BD58B20B}.Release|iPhoneSimulator.Build.0 = Release|iPhoneSimulator
	EndGlobalSection
	GlobalSection(SolutionProperties) = preSolution
		HideSolutionNode = FALSE
	EndGlobalSection
	GlobalSection(NestedProjects) = preSolution
		{F5F634E8-2FA3-4324-B209-00D07E489441} = {ED7B1CE3-0A98-4419-886C-0A6681E64DC8}
		{26C12E2A-7AA8-44CD-850A-659F6C7935E3} = {BF50D29B-88C8-4324-A771-FC99BAEA8F11}
		{30AB8EC1-5A92-4AE9-9160-C9496A1DD1DC} = {C621FD67-EA50-4AF5-A489-9C2A5E2E9EEA}
		{A175A17B-7DF3-4F6F-945A-8E1B527F9F71} = {C621FD67-EA50-4AF5-A489-9C2A5E2E9EEA}
		{20F52600-8CC5-4DAD-97D0-D25E6E40B971} = {30AB8EC1-5A92-4AE9-9160-C9496A1DD1DC}
		{79EC29A4-C629-4EEF-A846-3740781C47B6} = {30AB8EC1-5A92-4AE9-9160-C9496A1DD1DC}
		{C8A57414-9047-4F43-9B74-D4C8B558DBA2} = {30AB8EC1-5A92-4AE9-9160-C9496A1DD1DC}
		{93C94B87-7435-4951-A33F-A3F81F898EE5} = {A175A17B-7DF3-4F6F-945A-8E1B527F9F71}
		{2956492F-10C1-4C34-9B98-8F89BD58B20B} = {A175A17B-7DF3-4F6F-945A-8E1B527F9F71}
	EndGlobalSection
	GlobalSection(ExtensibilityGlobals) = postSolution
		SolutionGuid = {DFD5A833-D3BA-4827-9896-D43EB5FE978C}
	EndGlobalSection
EndGlobal
