
Microsoft Visual Studio Solution File, Format Version 12.00
# Visual Studio Version 16
VisualStudioVersion = 16.0.30204.135
MinimumVisualStudioVersion = 10.0.40219.1
Project("{2150E333-8FDC-42A3-9474-1A3956D46DE8}") = "Backend", "Backend", "{BF50D29B-88C8-4324-A771-FC99BAEA8F11}"
EndProject
Project("{2150E333-8FDC-42A3-9474-1A3956D46DE8}") = "Frontend", "Frontend", "{C621FD67-EA50-4AF5-A489-9C2A5E2E9EEA}"
EndProject
Project("{2150E333-8FDC-42A3-9474-1A3956D46DE8}") = "Common", "Common", "{ED7B1CE3-0A98-4419-886C-0A6681E64DC8}"
EndProject
Project("{9A19103F-16F7-4668-BE54-9A1E7A4F7556}") = "ShopSale.Common", "ShopSale.Common\ShopSale.Common.csproj", "{F5F634E8-2FA3-4324-B209-00D07E489441}"
EndProject
Project("{9A19103F-16F7-4668-BE54-9A1E7A4F7556}") = "ShopSale.WebSite", "ShopSale.WebSite\ShopSale.WebSite.csproj", "{26C12E2A-7AA8-44CD-850A-659F6C7935E3}"
EndProject
Project("{2150E333-8FDC-42A3-9474-1A3956D46DE8}") = "Forms", "Forms", "{30AB8EC1-5A92-4AE9-9160-C9496A1DD1DC}"
EndProject
Project("{2150E333-8FDC-42A3-9474-1A3956D46DE8}") = "Classic", "Classic", "{A175A17B-7DF3-4F6F-945A-8E1B527F9F71}"
EndProject
Project("{FAE04EC0-301F-11D3-BF4B-00C04F79EFBC}") = "ShopSale.UIForms.Android", "ShopSale.UIForms\ShopSale.UIForms.Android\ShopSale.UIForms.Android.csproj", "{20F52600-8CC5-4DAD-97D0-D25E6E40B971}"
EndProject
Project("{FAE04EC0-301F-11D3-BF4B-00C04F79EFBC}") = "ShopSale.UIForms.iOS", "ShopSale.UIForms\ShopSale.UIForms.iOS\ShopSale.UIForms.iOS.csproj", "{79EC29A4-C629-4EEF-A846-3740781C47B6}"
EndProject
Project("{9A19103F-16F7-4668-BE54-9A1E7A4F7556}") = "ShopSale.UIForms", "ShopSale.UIForms\ShopSale.UIForms\ShopSale.UIForms.csproj", "{C8A57414-9047-4F43-9B74-D4C8B558DBA2}"
EndProject
Project("{FAE04EC0-301F-11D3-BF4B-00C04F79EFBC}") = "ShopSale.UIClassic.Android", "ShopSale.UIClassic.Android\ShopSale.UIClassic.Android.csproj", "{93C94B87-7435-4951-A33F-A3F81F898EE5}"
EndProject
Project("{FAE04EC0-301F-11D3-BF4B-00C04F79EFBC}") = "ShopSale.UIClassic.iOS", "ShopSale.UIClassic.iOS\ShopSale.UIClassic.iOS.csproj", "{1AC00A86-B853-44AB-994C-122A187C5EEB}"
EndProject
Project("{2150E333-8FDC-42A3-9474-1A3956D46DE8}") = "MVVMCrossTest", "MVVMCrossTest", "{AC5875AA-C41A-410D-8C49-2C0B89E2855B}"
EndProject
Project("{FAE04EC0-301F-11D3-BF4B-00C04F79EFBC}") = "FourWays.Core", "FourWays.Core\FourWays.Core.csproj", "{394F2CAB-FBE1-4559-B890-2939E88CA927}"
EndProject
Project("{FAE04EC0-301F-11D3-BF4B-00C04F79EFBC}") = "FourWays.FormsTraditional.Android", "FourWays.FormsTraditional\FourWays.FormsTraditional.Android\FourWays.FormsTraditional.Android.csproj", "{D3035ED3-04CC-4F0C-ADAF-D41B4308B2FE}"
EndProject
Project("{FAE04EC0-301F-11D3-BF4B-00C04F79EFBC}") = "FourWays.FormsTraditional.iOS", "FourWays.FormsTraditional\FourWays.FormsTraditional.iOS\FourWays.FormsTraditional.iOS.csproj", "{3193856B-5F14-4122-A633-EA181329B482}"
EndProject
Project("{FAE04EC0-301F-11D3-BF4B-00C04F79EFBC}") = "FourWays.FormsTraditional", "FourWays.FormsTraditional\FourWays.FormsTraditional\FourWays.FormsTraditional.csproj", "{0E83E5B7-07F2-4E32-B520-3AF9137EA016}"
EndProject
Project("{FAE04EC0-301F-11D3-BF4B-00C04F79EFBC}") = "FourWays.Classic.Droid", "FourWays.Classic.Droid\FourWays.Classic.Droid.csproj", "{6F23708E-36C8-48E4-80BD-60472E665385}"
EndProject
Project("{FAE04EC0-301F-11D3-BF4B-00C04F79EFBC}") = "FourWays.Classic.iOS", "FourWays.Classic.iOS\FourWays.Classic.iOS.csproj", "{BF75228F-0B39-4282-A3A9-AD09BA157447}"
EndProject
Project("{FAE04EC0-301F-11D3-BF4B-00C04F79EFBC}") = "FourWays.Cross.Droid", "FourWays.Cross.Droid\FourWays.Cross.Droid.csproj", "{C2A992E3-937E-42B0-8ED8-7B3E192558D6}"
EndProject
Project("{FAE04EC0-301F-11D3-BF4B-00C04F79EFBC}") = "FourWays.Cross.iOS", "FourWays.Cross.iOS\FourWays.Cross.iOS.csproj", "{F1E7065C-3CCE-420C-A12D-BD8043DF552D}"
EndProject
Project("{FAE04EC0-301F-11D3-BF4B-00C04F79EFBC}") = "FourWays.FormsCross.Android", "FourWays.FormsCross\FourWays.FormsCross.Android\FourWays.FormsCross.Android.csproj", "{90E2E763-BF78-40A5-8325-D4001C66B151}"
EndProject
Project("{FAE04EC0-301F-11D3-BF4B-00C04F79EFBC}") = "FourWays.FormsCross.iOS", "FourWays.FormsCross\FourWays.FormsCross.iOS\FourWays.FormsCross.iOS.csproj", "{D91EC770-2FE5-4DB5-8BA3-7A6B664E1969}"
EndProject
Project("{FAE04EC0-301F-11D3-BF4B-00C04F79EFBC}") = "FourWays.FormsCross", "FourWays.FormsCross\FourWays.FormsCross\FourWays.FormsCross.csproj", "{F311AE35-D329-4542-90D3-BDC5CEB26662}"
EndProject
Project("{2150E333-8FDC-42A3-9474-1A3956D46DE8}") = "MvvmCross", "MvvmCross", "{8F3E7F2E-F1AD-4D5E-B782-2BC5C4C0204A}"
EndProject
Project("{FAE04EC0-301F-11D3-BF4B-00C04F79EFBC}") = "ShopSale.UICross.Android", "ShopSale.UICross.Android\ShopSale.UICross.Android.csproj", "{ECAC9813-ADAC-48E3-B0AA-1A7147A52AEB}"
EndProject
Project("{FAE04EC0-301F-11D3-BF4B-00C04F79EFBC}") = "ShopSale.UICross.iOS", "ShopSale.UICross.iOS\ShopSale.UICross.iOS.csproj", "{D1349CE5-DC3C-4A3E-9BA1-059B33B96C5B}"
EndProject
Global
	GlobalSection(SolutionConfigurationPlatforms) = preSolution
		Debug|Any CPU = Debug|Any CPU
		Debug|iPhone = Debug|iPhone
		Debug|iPhoneSimulator = Debug|iPhoneSimulator
		Release|Any CPU = Release|Any CPU
		Release|iPhone = Release|iPhone
		Release|iPhoneSimulator = Release|iPhoneSimulator
	EndGlobalSection
	GlobalSection(ProjectConfigurationPlatforms) = postSolution
		{F5F634E8-2FA3-4324-B209-00D07E489441}.Debug|Any CPU.ActiveCfg = Debug|Any CPU
		{F5F634E8-2FA3-4324-B209-00D07E489441}.Debug|Any CPU.Build.0 = Debug|Any CPU
		{F5F634E8-2FA3-4324-B209-00D07E489441}.Debug|iPhone.ActiveCfg = Debug|Any CPU
		{F5F634E8-2FA3-4324-B209-00D07E489441}.Debug|iPhone.Build.0 = Debug|Any CPU
		{F5F634E8-2FA3-4324-B209-00D07E489441}.Debug|iPhoneSimulator.ActiveCfg = Debug|Any CPU
		{F5F634E8-2FA3-4324-B209-00D07E489441}.Debug|iPhoneSimulator.Build.0 = Debug|Any CPU
		{F5F634E8-2FA3-4324-B209-00D07E489441}.Release|Any CPU.ActiveCfg = Release|Any CPU
		{F5F634E8-2FA3-4324-B209-00D07E489441}.Release|Any CPU.Build.0 = Release|Any CPU
		{F5F634E8-2FA3-4324-B209-00D07E489441}.Release|iPhone.ActiveCfg = Release|Any CPU
		{F5F634E8-2FA3-4324-B209-00D07E489441}.Release|iPhone.Build.0 = Release|Any CPU
		{F5F634E8-2FA3-4324-B209-00D07E489441}.Release|iPhoneSimulator.ActiveCfg = Release|Any CPU
		{F5F634E8-2FA3-4324-B209-00D07E489441}.Release|iPhoneSimulator.Build.0 = Release|Any CPU
		{26C12E2A-7AA8-44CD-850A-659F6C7935E3}.Debug|Any CPU.ActiveCfg = Debug|Any CPU
		{26C12E2A-7AA8-44CD-850A-659F6C7935E3}.Debug|Any CPU.Build.0 = Debug|Any CPU
		{26C12E2A-7AA8-44CD-850A-659F6C7935E3}.Debug|iPhone.ActiveCfg = Debug|Any CPU
		{26C12E2A-7AA8-44CD-850A-659F6C7935E3}.Debug|iPhone.Build.0 = Debug|Any CPU
		{26C12E2A-7AA8-44CD-850A-659F6C7935E3}.Debug|iPhoneSimulator.ActiveCfg = Debug|Any CPU
		{26C12E2A-7AA8-44CD-850A-659F6C7935E3}.Debug|iPhoneSimulator.Build.0 = Debug|Any CPU
		{26C12E2A-7AA8-44CD-850A-659F6C7935E3}.Release|Any CPU.ActiveCfg = Release|Any CPU
		{26C12E2A-7AA8-44CD-850A-659F6C7935E3}.Release|Any CPU.Build.0 = Release|Any CPU
		{26C12E2A-7AA8-44CD-850A-659F6C7935E3}.Release|iPhone.ActiveCfg = Release|Any CPU
		{26C12E2A-7AA8-44CD-850A-659F6C7935E3}.Release|iPhone.Build.0 = Release|Any CPU
		{26C12E2A-7AA8-44CD-850A-659F6C7935E3}.Release|iPhoneSimulator.ActiveCfg = Release|Any CPU
		{26C12E2A-7AA8-44CD-850A-659F6C7935E3}.Release|iPhoneSimulator.Build.0 = Release|Any CPU
		{20F52600-8CC5-4DAD-97D0-D25E6E40B971}.Debug|Any CPU.ActiveCfg = Debug|Any CPU
		{20F52600-8CC5-4DAD-97D0-D25E6E40B971}.Debug|Any CPU.Build.0 = Debug|Any CPU
		{20F52600-8CC5-4DAD-97D0-D25E6E40B971}.Debug|Any CPU.Deploy.0 = Debug|Any CPU
		{20F52600-8CC5-4DAD-97D0-D25E6E40B971}.Debug|iPhone.ActiveCfg = Debug|Any CPU
		{20F52600-8CC5-4DAD-97D0-D25E6E40B971}.Debug|iPhone.Build.0 = Debug|Any CPU
		{20F52600-8CC5-4DAD-97D0-D25E6E40B971}.Debug|iPhone.Deploy.0 = Debug|Any CPU
		{20F52600-8CC5-4DAD-97D0-D25E6E40B971}.Debug|iPhoneSimulator.ActiveCfg = Debug|Any CPU
		{20F52600-8CC5-4DAD-97D0-D25E6E40B971}.Debug|iPhoneSimulator.Build.0 = Debug|Any CPU
		{20F52600-8CC5-4DAD-97D0-D25E6E40B971}.Debug|iPhoneSimulator.Deploy.0 = Debug|Any CPU
		{20F52600-8CC5-4DAD-97D0-D25E6E40B971}.Release|Any CPU.ActiveCfg = Release|Any CPU
		{20F52600-8CC5-4DAD-97D0-D25E6E40B971}.Release|Any CPU.Build.0 = Release|Any CPU
		{20F52600-8CC5-4DAD-97D0-D25E6E40B971}.Release|Any CPU.Deploy.0 = Release|Any CPU
		{20F52600-8CC5-4DAD-97D0-D25E6E40B971}.Release|iPhone.ActiveCfg = Release|Any CPU
		{20F52600-8CC5-4DAD-97D0-D25E6E40B971}.Release|iPhone.Build.0 = Release|Any CPU
		{20F52600-8CC5-4DAD-97D0-D25E6E40B971}.Release|iPhone.Deploy.0 = Release|Any CPU
		{20F52600-8CC5-4DAD-97D0-D25E6E40B971}.Release|iPhoneSimulator.ActiveCfg = Release|Any CPU
		{20F52600-8CC5-4DAD-97D0-D25E6E40B971}.Release|iPhoneSimulator.Build.0 = Release|Any CPU
		{20F52600-8CC5-4DAD-97D0-D25E6E40B971}.Release|iPhoneSimulator.Deploy.0 = Release|Any CPU
		{79EC29A4-C629-4EEF-A846-3740781C47B6}.Debug|Any CPU.ActiveCfg = Debug|iPhone
		{79EC29A4-C629-4EEF-A846-3740781C47B6}.Debug|iPhone.ActiveCfg = Debug|iPhone
		{79EC29A4-C629-4EEF-A846-3740781C47B6}.Debug|iPhone.Build.0 = Debug|iPhone
		{79EC29A4-C629-4EEF-A846-3740781C47B6}.Debug|iPhoneSimulator.ActiveCfg = Debug|iPhoneSimulator
		{79EC29A4-C629-4EEF-A846-3740781C47B6}.Debug|iPhoneSimulator.Build.0 = Debug|iPhoneSimulator
		{79EC29A4-C629-4EEF-A846-3740781C47B6}.Release|Any CPU.ActiveCfg = Release|iPhone
		{79EC29A4-C629-4EEF-A846-3740781C47B6}.Release|iPhone.ActiveCfg = Release|iPhone
		{79EC29A4-C629-4EEF-A846-3740781C47B6}.Release|iPhone.Build.0 = Release|iPhone
		{79EC29A4-C629-4EEF-A846-3740781C47B6}.Release|iPhoneSimulator.ActiveCfg = Release|iPhoneSimulator
		{79EC29A4-C629-4EEF-A846-3740781C47B6}.Release|iPhoneSimulator.Build.0 = Release|iPhoneSimulator
		{C8A57414-9047-4F43-9B74-D4C8B558DBA2}.Debug|Any CPU.ActiveCfg = Debug|Any CPU
		{C8A57414-9047-4F43-9B74-D4C8B558DBA2}.Debug|Any CPU.Build.0 = Debug|Any CPU
		{C8A57414-9047-4F43-9B74-D4C8B558DBA2}.Debug|iPhone.ActiveCfg = Debug|Any CPU
		{C8A57414-9047-4F43-9B74-D4C8B558DBA2}.Debug|iPhone.Build.0 = Debug|Any CPU
		{C8A57414-9047-4F43-9B74-D4C8B558DBA2}.Debug|iPhoneSimulator.ActiveCfg = Debug|Any CPU
		{C8A57414-9047-4F43-9B74-D4C8B558DBA2}.Debug|iPhoneSimulator.Build.0 = Debug|Any CPU
		{C8A57414-9047-4F43-9B74-D4C8B558DBA2}.Release|Any CPU.ActiveCfg = Release|Any CPU
		{C8A57414-9047-4F43-9B74-D4C8B558DBA2}.Release|Any CPU.Build.0 = Release|Any CPU
		{C8A57414-9047-4F43-9B74-D4C8B558DBA2}.Release|iPhone.ActiveCfg = Release|Any CPU
		{C8A57414-9047-4F43-9B74-D4C8B558DBA2}.Release|iPhone.Build.0 = Release|Any CPU
		{C8A57414-9047-4F43-9B74-D4C8B558DBA2}.Release|iPhoneSimulator.ActiveCfg = Release|Any CPU
		{C8A57414-9047-4F43-9B74-D4C8B558DBA2}.Release|iPhoneSimulator.Build.0 = Release|Any CPU
		{93C94B87-7435-4951-A33F-A3F81F898EE5}.Debug|Any CPU.ActiveCfg = Debug|Any CPU
		{93C94B87-7435-4951-A33F-A3F81F898EE5}.Debug|Any CPU.Build.0 = Debug|Any CPU
		{93C94B87-7435-4951-A33F-A3F81F898EE5}.Debug|Any CPU.Deploy.0 = Debug|Any CPU
		{93C94B87-7435-4951-A33F-A3F81F898EE5}.Debug|iPhone.ActiveCfg = Debug|Any CPU
		{93C94B87-7435-4951-A33F-A3F81F898EE5}.Debug|iPhone.Build.0 = Debug|Any CPU
		{93C94B87-7435-4951-A33F-A3F81F898EE5}.Debug|iPhone.Deploy.0 = Debug|Any CPU
		{93C94B87-7435-4951-A33F-A3F81F898EE5}.Debug|iPhoneSimulator.ActiveCfg = Debug|Any CPU
		{93C94B87-7435-4951-A33F-A3F81F898EE5}.Debug|iPhoneSimulator.Build.0 = Debug|Any CPU
		{93C94B87-7435-4951-A33F-A3F81F898EE5}.Debug|iPhoneSimulator.Deploy.0 = Debug|Any CPU
		{93C94B87-7435-4951-A33F-A3F81F898EE5}.Release|Any CPU.ActiveCfg = Release|Any CPU
		{93C94B87-7435-4951-A33F-A3F81F898EE5}.Release|Any CPU.Build.0 = Release|Any CPU
		{93C94B87-7435-4951-A33F-A3F81F898EE5}.Release|Any CPU.Deploy.0 = Release|Any CPU
		{93C94B87-7435-4951-A33F-A3F81F898EE5}.Release|iPhone.ActiveCfg = Release|Any CPU
		{93C94B87-7435-4951-A33F-A3F81F898EE5}.Release|iPhone.Build.0 = Release|Any CPU
		{93C94B87-7435-4951-A33F-A3F81F898EE5}.Release|iPhone.Deploy.0 = Release|Any CPU
		{93C94B87-7435-4951-A33F-A3F81F898EE5}.Release|iPhoneSimulator.ActiveCfg = Release|Any CPU
		{93C94B87-7435-4951-A33F-A3F81F898EE5}.Release|iPhoneSimulator.Build.0 = Release|Any CPU
		{93C94B87-7435-4951-A33F-A3F81F898EE5}.Release|iPhoneSimulator.Deploy.0 = Release|Any CPU
		{1AC00A86-B853-44AB-994C-122A187C5EEB}.Debug|Any CPU.ActiveCfg = Debug|iPhone
		{1AC00A86-B853-44AB-994C-122A187C5EEB}.Debug|iPhone.ActiveCfg = Debug|iPhone
		{1AC00A86-B853-44AB-994C-122A187C5EEB}.Debug|iPhone.Build.0 = Debug|iPhone
		{1AC00A86-B853-44AB-994C-122A187C5EEB}.Debug|iPhoneSimulator.ActiveCfg = Debug|iPhoneSimulator
		{1AC00A86-B853-44AB-994C-122A187C5EEB}.Debug|iPhoneSimulator.Build.0 = Debug|iPhoneSimulator
		{1AC00A86-B853-44AB-994C-122A187C5EEB}.Release|Any CPU.ActiveCfg = Release|iPhone
		{1AC00A86-B853-44AB-994C-122A187C5EEB}.Release|iPhone.ActiveCfg = Release|iPhone
		{1AC00A86-B853-44AB-994C-122A187C5EEB}.Release|iPhone.Build.0 = Release|iPhone
		{1AC00A86-B853-44AB-994C-122A187C5EEB}.Release|iPhoneSimulator.ActiveCfg = Release|iPhoneSimulator
		{1AC00A86-B853-44AB-994C-122A187C5EEB}.Release|iPhoneSimulator.Build.0 = Release|iPhoneSimulator
		{394F2CAB-FBE1-4559-B890-2939E88CA927}.Debug|Any CPU.ActiveCfg = Debug|Any CPU
		{394F2CAB-FBE1-4559-B890-2939E88CA927}.Debug|Any CPU.Build.0 = Debug|Any CPU
		{394F2CAB-FBE1-4559-B890-2939E88CA927}.Debug|iPhone.ActiveCfg = Debug|Any CPU
		{394F2CAB-FBE1-4559-B890-2939E88CA927}.Debug|iPhone.Build.0 = Debug|Any CPU
		{394F2CAB-FBE1-4559-B890-2939E88CA927}.Debug|iPhoneSimulator.ActiveCfg = Debug|Any CPU
		{394F2CAB-FBE1-4559-B890-2939E88CA927}.Debug|iPhoneSimulator.Build.0 = Debug|Any CPU
		{394F2CAB-FBE1-4559-B890-2939E88CA927}.Release|Any CPU.ActiveCfg = Release|Any CPU
		{394F2CAB-FBE1-4559-B890-2939E88CA927}.Release|Any CPU.Build.0 = Release|Any CPU
		{394F2CAB-FBE1-4559-B890-2939E88CA927}.Release|iPhone.ActiveCfg = Release|Any CPU
		{394F2CAB-FBE1-4559-B890-2939E88CA927}.Release|iPhone.Build.0 = Release|Any CPU
		{394F2CAB-FBE1-4559-B890-2939E88CA927}.Release|iPhoneSimulator.ActiveCfg = Release|Any CPU
		{394F2CAB-FBE1-4559-B890-2939E88CA927}.Release|iPhoneSimulator.Build.0 = Release|Any CPU
		{D3035ED3-04CC-4F0C-ADAF-D41B4308B2FE}.Debug|Any CPU.ActiveCfg = Debug|Any CPU
		{D3035ED3-04CC-4F0C-ADAF-D41B4308B2FE}.Debug|Any CPU.Build.0 = Debug|Any CPU
		{D3035ED3-04CC-4F0C-ADAF-D41B4308B2FE}.Debug|Any CPU.Deploy.0 = Debug|Any CPU
		{D3035ED3-04CC-4F0C-ADAF-D41B4308B2FE}.Debug|iPhone.ActiveCfg = Debug|Any CPU
		{D3035ED3-04CC-4F0C-ADAF-D41B4308B2FE}.Debug|iPhone.Build.0 = Debug|Any CPU
		{D3035ED3-04CC-4F0C-ADAF-D41B4308B2FE}.Debug|iPhone.Deploy.0 = Debug|Any CPU
		{D3035ED3-04CC-4F0C-ADAF-D41B4308B2FE}.Debug|iPhoneSimulator.ActiveCfg = Debug|Any CPU
		{D3035ED3-04CC-4F0C-ADAF-D41B4308B2FE}.Debug|iPhoneSimulator.Build.0 = Debug|Any CPU
		{D3035ED3-04CC-4F0C-ADAF-D41B4308B2FE}.Debug|iPhoneSimulator.Deploy.0 = Debug|Any CPU
		{D3035ED3-04CC-4F0C-ADAF-D41B4308B2FE}.Release|Any CPU.ActiveCfg = Release|Any CPU
		{D3035ED3-04CC-4F0C-ADAF-D41B4308B2FE}.Release|Any CPU.Build.0 = Release|Any CPU
		{D3035ED3-04CC-4F0C-ADAF-D41B4308B2FE}.Release|Any CPU.Deploy.0 = Release|Any CPU
		{D3035ED3-04CC-4F0C-ADAF-D41B4308B2FE}.Release|iPhone.ActiveCfg = Release|Any CPU
		{D3035ED3-04CC-4F0C-ADAF-D41B4308B2FE}.Release|iPhone.Build.0 = Release|Any CPU
		{D3035ED3-04CC-4F0C-ADAF-D41B4308B2FE}.Release|iPhone.Deploy.0 = Release|Any CPU
		{D3035ED3-04CC-4F0C-ADAF-D41B4308B2FE}.Release|iPhoneSimulator.ActiveCfg = Release|Any CPU
		{D3035ED3-04CC-4F0C-ADAF-D41B4308B2FE}.Release|iPhoneSimulator.Build.0 = Release|Any CPU
		{D3035ED3-04CC-4F0C-ADAF-D41B4308B2FE}.Release|iPhoneSimulator.Deploy.0 = Release|Any CPU
		{3193856B-5F14-4122-A633-EA181329B482}.Debug|Any CPU.ActiveCfg = Debug|iPhone
		{3193856B-5F14-4122-A633-EA181329B482}.Debug|iPhone.ActiveCfg = Debug|iPhone
		{3193856B-5F14-4122-A633-EA181329B482}.Debug|iPhone.Build.0 = Debug|iPhone
		{3193856B-5F14-4122-A633-EA181329B482}.Debug|iPhoneSimulator.ActiveCfg = Debug|iPhoneSimulator
		{3193856B-5F14-4122-A633-EA181329B482}.Debug|iPhoneSimulator.Build.0 = Debug|iPhoneSimulator
		{3193856B-5F14-4122-A633-EA181329B482}.Release|Any CPU.ActiveCfg = Release|iPhone
		{3193856B-5F14-4122-A633-EA181329B482}.Release|iPhone.ActiveCfg = Release|iPhone
		{3193856B-5F14-4122-A633-EA181329B482}.Release|iPhone.Build.0 = Release|iPhone
		{3193856B-5F14-4122-A633-EA181329B482}.Release|iPhoneSimulator.ActiveCfg = Release|iPhoneSimulator
		{3193856B-5F14-4122-A633-EA181329B482}.Release|iPhoneSimulator.Build.0 = Release|iPhoneSimulator
		{0E83E5B7-07F2-4E32-B520-3AF9137EA016}.Debug|Any CPU.ActiveCfg = Debug|Any CPU
		{0E83E5B7-07F2-4E32-B520-3AF9137EA016}.Debug|Any CPU.Build.0 = Debug|Any CPU
		{0E83E5B7-07F2-4E32-B520-3AF9137EA016}.Debug|iPhone.ActiveCfg = Debug|Any CPU
		{0E83E5B7-07F2-4E32-B520-3AF9137EA016}.Debug|iPhone.Build.0 = Debug|Any CPU
		{0E83E5B7-07F2-4E32-B520-3AF9137EA016}.Debug|iPhoneSimulator.ActiveCfg = Debug|Any CPU
		{0E83E5B7-07F2-4E32-B520-3AF9137EA016}.Debug|iPhoneSimulator.Build.0 = Debug|Any CPU
		{0E83E5B7-07F2-4E32-B520-3AF9137EA016}.Release|Any CPU.ActiveCfg = Release|Any CPU
		{0E83E5B7-07F2-4E32-B520-3AF9137EA016}.Release|Any CPU.Build.0 = Release|Any CPU
		{0E83E5B7-07F2-4E32-B520-3AF9137EA016}.Release|iPhone.ActiveCfg = Release|Any CPU
		{0E83E5B7-07F2-4E32-B520-3AF9137EA016}.Release|iPhone.Build.0 = Release|Any CPU
		{0E83E5B7-07F2-4E32-B520-3AF9137EA016}.Release|iPhoneSimulator.ActiveCfg = Release|Any CPU
		{0E83E5B7-07F2-4E32-B520-3AF9137EA016}.Release|iPhoneSimulator.Build.0 = Release|Any CPU
		{6F23708E-36C8-48E4-80BD-60472E665385}.Debug|Any CPU.ActiveCfg = Debug|Any CPU
		{6F23708E-36C8-48E4-80BD-60472E665385}.Debug|Any CPU.Build.0 = Debug|Any CPU
		{6F23708E-36C8-48E4-80BD-60472E665385}.Debug|Any CPU.Deploy.0 = Debug|Any CPU
		{6F23708E-36C8-48E4-80BD-60472E665385}.Debug|iPhone.ActiveCfg = Debug|Any CPU
		{6F23708E-36C8-48E4-80BD-60472E665385}.Debug|iPhone.Build.0 = Debug|Any CPU
		{6F23708E-36C8-48E4-80BD-60472E665385}.Debug|iPhone.Deploy.0 = Debug|Any CPU
		{6F23708E-36C8-48E4-80BD-60472E665385}.Debug|iPhoneSimulator.ActiveCfg = Debug|Any CPU
		{6F23708E-36C8-48E4-80BD-60472E665385}.Debug|iPhoneSimulator.Build.0 = Debug|Any CPU
		{6F23708E-36C8-48E4-80BD-60472E665385}.Debug|iPhoneSimulator.Deploy.0 = Debug|Any CPU
		{6F23708E-36C8-48E4-80BD-60472E665385}.Release|Any CPU.ActiveCfg = Release|Any CPU
		{6F23708E-36C8-48E4-80BD-60472E665385}.Release|Any CPU.Build.0 = Release|Any CPU
		{6F23708E-36C8-48E4-80BD-60472E665385}.Release|Any CPU.Deploy.0 = Release|Any CPU
		{6F23708E-36C8-48E4-80BD-60472E665385}.Release|iPhone.ActiveCfg = Release|Any CPU
		{6F23708E-36C8-48E4-80BD-60472E665385}.Release|iPhone.Build.0 = Release|Any CPU
		{6F23708E-36C8-48E4-80BD-60472E665385}.Release|iPhone.Deploy.0 = Release|Any CPU
		{6F23708E-36C8-48E4-80BD-60472E665385}.Release|iPhoneSimulator.ActiveCfg = Release|Any CPU
		{6F23708E-36C8-48E4-80BD-60472E665385}.Release|iPhoneSimulator.Build.0 = Release|Any CPU
		{6F23708E-36C8-48E4-80BD-60472E665385}.Release|iPhoneSimulator.Deploy.0 = Release|Any CPU
		{BF75228F-0B39-4282-A3A9-AD09BA157447}.Debug|Any CPU.ActiveCfg = Debug|iPhone
		{BF75228F-0B39-4282-A3A9-AD09BA157447}.Debug|iPhone.ActiveCfg = Debug|iPhone
		{BF75228F-0B39-4282-A3A9-AD09BA157447}.Debug|iPhone.Build.0 = Debug|iPhone
		{BF75228F-0B39-4282-A3A9-AD09BA157447}.Debug|iPhoneSimulator.ActiveCfg = Debug|iPhoneSimulator
		{BF75228F-0B39-4282-A3A9-AD09BA157447}.Debug|iPhoneSimulator.Build.0 = Debug|iPhoneSimulator
		{BF75228F-0B39-4282-A3A9-AD09BA157447}.Release|Any CPU.ActiveCfg = Release|iPhone
		{BF75228F-0B39-4282-A3A9-AD09BA157447}.Release|iPhone.ActiveCfg = Release|iPhone
		{BF75228F-0B39-4282-A3A9-AD09BA157447}.Release|iPhone.Build.0 = Release|iPhone
		{BF75228F-0B39-4282-A3A9-AD09BA157447}.Release|iPhoneSimulator.ActiveCfg = Release|iPhoneSimulator
		{BF75228F-0B39-4282-A3A9-AD09BA157447}.Release|iPhoneSimulator.Build.0 = Release|iPhoneSimulator
		{C2A992E3-937E-42B0-8ED8-7B3E192558D6}.Debug|Any CPU.ActiveCfg = Debug|Any CPU
		{C2A992E3-937E-42B0-8ED8-7B3E192558D6}.Debug|Any CPU.Build.0 = Debug|Any CPU
		{C2A992E3-937E-42B0-8ED8-7B3E192558D6}.Debug|Any CPU.Deploy.0 = Debug|Any CPU
		{C2A992E3-937E-42B0-8ED8-7B3E192558D6}.Debug|iPhone.ActiveCfg = Debug|Any CPU
		{C2A992E3-937E-42B0-8ED8-7B3E192558D6}.Debug|iPhone.Build.0 = Debug|Any CPU
		{C2A992E3-937E-42B0-8ED8-7B3E192558D6}.Debug|iPhone.Deploy.0 = Debug|Any CPU
		{C2A992E3-937E-42B0-8ED8-7B3E192558D6}.Debug|iPhoneSimulator.ActiveCfg = Debug|Any CPU
		{C2A992E3-937E-42B0-8ED8-7B3E192558D6}.Debug|iPhoneSimulator.Build.0 = Debug|Any CPU
		{C2A992E3-937E-42B0-8ED8-7B3E192558D6}.Debug|iPhoneSimulator.Deploy.0 = Debug|Any CPU
		{C2A992E3-937E-42B0-8ED8-7B3E192558D6}.Release|Any CPU.ActiveCfg = Release|Any CPU
		{C2A992E3-937E-42B0-8ED8-7B3E192558D6}.Release|Any CPU.Build.0 = Release|Any CPU
		{C2A992E3-937E-42B0-8ED8-7B3E192558D6}.Release|Any CPU.Deploy.0 = Release|Any CPU
		{C2A992E3-937E-42B0-8ED8-7B3E192558D6}.Release|iPhone.ActiveCfg = Release|Any CPU
		{C2A992E3-937E-42B0-8ED8-7B3E192558D6}.Release|iPhone.Build.0 = Release|Any CPU
		{C2A992E3-937E-42B0-8ED8-7B3E192558D6}.Release|iPhone.Deploy.0 = Release|Any CPU
		{C2A992E3-937E-42B0-8ED8-7B3E192558D6}.Release|iPhoneSimulator.ActiveCfg = Release|Any CPU
		{C2A992E3-937E-42B0-8ED8-7B3E192558D6}.Release|iPhoneSimulator.Build.0 = Release|Any CPU
		{C2A992E3-937E-42B0-8ED8-7B3E192558D6}.Release|iPhoneSimulator.Deploy.0 = Release|Any CPU
		{F1E7065C-3CCE-420C-A12D-BD8043DF552D}.Debug|Any CPU.ActiveCfg = Debug|iPhone
		{F1E7065C-3CCE-420C-A12D-BD8043DF552D}.Debug|iPhone.ActiveCfg = Debug|iPhone
		{F1E7065C-3CCE-420C-A12D-BD8043DF552D}.Debug|iPhone.Build.0 = Debug|iPhone
		{F1E7065C-3CCE-420C-A12D-BD8043DF552D}.Debug|iPhoneSimulator.ActiveCfg = Debug|iPhoneSimulator
		{F1E7065C-3CCE-420C-A12D-BD8043DF552D}.Debug|iPhoneSimulator.Build.0 = Debug|iPhoneSimulator
		{F1E7065C-3CCE-420C-A12D-BD8043DF552D}.Release|Any CPU.ActiveCfg = Release|iPhone
		{F1E7065C-3CCE-420C-A12D-BD8043DF552D}.Release|iPhone.ActiveCfg = Release|iPhone
		{F1E7065C-3CCE-420C-A12D-BD8043DF552D}.Release|iPhone.Build.0 = Release|iPhone
		{F1E7065C-3CCE-420C-A12D-BD8043DF552D}.Release|iPhoneSimulator.ActiveCfg = Release|iPhoneSimulator
		{F1E7065C-3CCE-420C-A12D-BD8043DF552D}.Release|iPhoneSimulator.Build.0 = Release|iPhoneSimulator
		{90E2E763-BF78-40A5-8325-D4001C66B151}.Debug|Any CPU.ActiveCfg = Debug|Any CPU
		{90E2E763-BF78-40A5-8325-D4001C66B151}.Debug|Any CPU.Build.0 = Debug|Any CPU
		{90E2E763-BF78-40A5-8325-D4001C66B151}.Debug|Any CPU.Deploy.0 = Debug|Any CPU
		{90E2E763-BF78-40A5-8325-D4001C66B151}.Debug|iPhone.ActiveCfg = Debug|Any CPU
		{90E2E763-BF78-40A5-8325-D4001C66B151}.Debug|iPhone.Build.0 = Debug|Any CPU
		{90E2E763-BF78-40A5-8325-D4001C66B151}.Debug|iPhone.Deploy.0 = Debug|Any CPU
		{90E2E763-BF78-40A5-8325-D4001C66B151}.Debug|iPhoneSimulator.ActiveCfg = Debug|Any CPU
		{90E2E763-BF78-40A5-8325-D4001C66B151}.Debug|iPhoneSimulator.Build.0 = Debug|Any CPU
		{90E2E763-BF78-40A5-8325-D4001C66B151}.Debug|iPhoneSimulator.Deploy.0 = Debug|Any CPU
		{90E2E763-BF78-40A5-8325-D4001C66B151}.Release|Any CPU.ActiveCfg = Release|Any CPU
		{90E2E763-BF78-40A5-8325-D4001C66B151}.Release|Any CPU.Build.0 = Release|Any CPU
		{90E2E763-BF78-40A5-8325-D4001C66B151}.Release|Any CPU.Deploy.0 = Release|Any CPU
		{90E2E763-BF78-40A5-8325-D4001C66B151}.Release|iPhone.ActiveCfg = Release|Any CPU
		{90E2E763-BF78-40A5-8325-D4001C66B151}.Release|iPhone.Build.0 = Release|Any CPU
		{90E2E763-BF78-40A5-8325-D4001C66B151}.Release|iPhone.Deploy.0 = Release|Any CPU
		{90E2E763-BF78-40A5-8325-D4001C66B151}.Release|iPhoneSimulator.ActiveCfg = Release|Any CPU
		{90E2E763-BF78-40A5-8325-D4001C66B151}.Release|iPhoneSimulator.Build.0 = Release|Any CPU
		{90E2E763-BF78-40A5-8325-D4001C66B151}.Release|iPhoneSimulator.Deploy.0 = Release|Any CPU
		{D91EC770-2FE5-4DB5-8BA3-7A6B664E1969}.Debug|Any CPU.ActiveCfg = Debug|iPhone
		{D91EC770-2FE5-4DB5-8BA3-7A6B664E1969}.Debug|iPhone.ActiveCfg = Debug|iPhone
		{D91EC770-2FE5-4DB5-8BA3-7A6B664E1969}.Debug|iPhone.Build.0 = Debug|iPhone
		{D91EC770-2FE5-4DB5-8BA3-7A6B664E1969}.Debug|iPhoneSimulator.ActiveCfg = Debug|iPhoneSimulator
		{D91EC770-2FE5-4DB5-8BA3-7A6B664E1969}.Debug|iPhoneSimulator.Build.0 = Debug|iPhoneSimulator
		{D91EC770-2FE5-4DB5-8BA3-7A6B664E1969}.Release|Any CPU.ActiveCfg = Release|iPhone
		{D91EC770-2FE5-4DB5-8BA3-7A6B664E1969}.Release|iPhone.ActiveCfg = Release|iPhone
		{D91EC770-2FE5-4DB5-8BA3-7A6B664E1969}.Release|iPhone.Build.0 = Release|iPhone
		{D91EC770-2FE5-4DB5-8BA3-7A6B664E1969}.Release|iPhoneSimulator.ActiveCfg = Release|iPhoneSimulator
		{D91EC770-2FE5-4DB5-8BA3-7A6B664E1969}.Release|iPhoneSimulator.Build.0 = Release|iPhoneSimulator
		{F311AE35-D329-4542-90D3-BDC5CEB26662}.Debug|Any CPU.ActiveCfg = Debug|Any CPU
		{F311AE35-D329-4542-90D3-BDC5CEB26662}.Debug|Any CPU.Build.0 = Debug|Any CPU
		{F311AE35-D329-4542-90D3-BDC5CEB26662}.Debug|iPhone.ActiveCfg = Debug|Any CPU
		{F311AE35-D329-4542-90D3-BDC5CEB26662}.Debug|iPhone.Build.0 = Debug|Any CPU
		{F311AE35-D329-4542-90D3-BDC5CEB26662}.Debug|iPhoneSimulator.ActiveCfg = Debug|Any CPU
		{F311AE35-D329-4542-90D3-BDC5CEB26662}.Debug|iPhoneSimulator.Build.0 = Debug|Any CPU
		{F311AE35-D329-4542-90D3-BDC5CEB26662}.Release|Any CPU.ActiveCfg = Release|Any CPU
		{F311AE35-D329-4542-90D3-BDC5CEB26662}.Release|Any CPU.Build.0 = Release|Any CPU
		{F311AE35-D329-4542-90D3-BDC5CEB26662}.Release|iPhone.ActiveCfg = Release|Any CPU
		{F311AE35-D329-4542-90D3-BDC5CEB26662}.Release|iPhone.Build.0 = Release|Any CPU
		{F311AE35-D329-4542-90D3-BDC5CEB26662}.Release|iPhoneSimulator.ActiveCfg = Release|Any CPU
		{F311AE35-D329-4542-90D3-BDC5CEB26662}.Release|iPhoneSimulator.Build.0 = Release|Any CPU
		{ECAC9813-ADAC-48E3-B0AA-1A7147A52AEB}.Debug|Any CPU.ActiveCfg = Debug|Any CPU
		{ECAC9813-ADAC-48E3-B0AA-1A7147A52AEB}.Debug|Any CPU.Build.0 = Debug|Any CPU
		{ECAC9813-ADAC-48E3-B0AA-1A7147A52AEB}.Debug|Any CPU.Deploy.0 = Debug|Any CPU
		{ECAC9813-ADAC-48E3-B0AA-1A7147A52AEB}.Debug|iPhone.ActiveCfg = Debug|Any CPU
		{ECAC9813-ADAC-48E3-B0AA-1A7147A52AEB}.Debug|iPhone.Build.0 = Debug|Any CPU
		{ECAC9813-ADAC-48E3-B0AA-1A7147A52AEB}.Debug|iPhone.Deploy.0 = Debug|Any CPU
		{ECAC9813-ADAC-48E3-B0AA-1A7147A52AEB}.Debug|iPhoneSimulator.ActiveCfg = Debug|Any CPU
		{ECAC9813-ADAC-48E3-B0AA-1A7147A52AEB}.Debug|iPhoneSimulator.Build.0 = Debug|Any CPU
		{ECAC9813-ADAC-48E3-B0AA-1A7147A52AEB}.Debug|iPhoneSimulator.Deploy.0 = Debug|Any CPU
		{ECAC9813-ADAC-48E3-B0AA-1A7147A52AEB}.Release|Any CPU.ActiveCfg = Release|Any CPU
		{ECAC9813-ADAC-48E3-B0AA-1A7147A52AEB}.Release|Any CPU.Build.0 = Release|Any CPU
		{ECAC9813-ADAC-48E3-B0AA-1A7147A52AEB}.Release|Any CPU.Deploy.0 = Release|Any CPU
		{ECAC9813-ADAC-48E3-B0AA-1A7147A52AEB}.Release|iPhone.ActiveCfg = Release|Any CPU
		{ECAC9813-ADAC-48E3-B0AA-1A7147A52AEB}.Release|iPhone.Build.0 = Release|Any CPU
		{ECAC9813-ADAC-48E3-B0AA-1A7147A52AEB}.Release|iPhone.Deploy.0 = Release|Any CPU
		{ECAC9813-ADAC-48E3-B0AA-1A7147A52AEB}.Release|iPhoneSimulator.ActiveCfg = Release|Any CPU
		{ECAC9813-ADAC-48E3-B0AA-1A7147A52AEB}.Release|iPhoneSimulator.Build.0 = Release|Any CPU
		{ECAC9813-ADAC-48E3-B0AA-1A7147A52AEB}.Release|iPhoneSimulator.Deploy.0 = Release|Any CPU
		{D1349CE5-DC3C-4A3E-9BA1-059B33B96C5B}.Debug|Any CPU.ActiveCfg = Debug|iPhone
		{D1349CE5-DC3C-4A3E-9BA1-059B33B96C5B}.Debug|iPhone.ActiveCfg = Debug|iPhone
		{D1349CE5-DC3C-4A3E-9BA1-059B33B96C5B}.Debug|iPhone.Build.0 = Debug|iPhone
		{D1349CE5-DC3C-4A3E-9BA1-059B33B96C5B}.Debug|iPhoneSimulator.ActiveCfg = Debug|iPhoneSimulator
		{D1349CE5-DC3C-4A3E-9BA1-059B33B96C5B}.Debug|iPhoneSimulator.Build.0 = Debug|iPhoneSimulator
		{D1349CE5-DC3C-4A3E-9BA1-059B33B96C5B}.Release|Any CPU.ActiveCfg = Release|iPhone
		{D1349CE5-DC3C-4A3E-9BA1-059B33B96C5B}.Release|iPhone.ActiveCfg = Release|iPhone
		{D1349CE5-DC3C-4A3E-9BA1-059B33B96C5B}.Release|iPhone.Build.0 = Release|iPhone
		{D1349CE5-DC3C-4A3E-9BA1-059B33B96C5B}.Release|iPhoneSimulator.ActiveCfg = Release|iPhoneSimulator
		{D1349CE5-DC3C-4A3E-9BA1-059B33B96C5B}.Release|iPhoneSimulator.Build.0 = Release|iPhoneSimulator
	EndGlobalSection
	GlobalSection(SolutionProperties) = preSolution
		HideSolutionNode = FALSE
	EndGlobalSection
	GlobalSection(NestedProjects) = preSolution
		{F5F634E8-2FA3-4324-B209-00D07E489441} = {ED7B1CE3-0A98-4419-886C-0A6681E64DC8}
		{26C12E2A-7AA8-44CD-850A-659F6C7935E3} = {BF50D29B-88C8-4324-A771-FC99BAEA8F11}
		{30AB8EC1-5A92-4AE9-9160-C9496A1DD1DC} = {C621FD67-EA50-4AF5-A489-9C2A5E2E9EEA}
		{A175A17B-7DF3-4F6F-945A-8E1B527F9F71} = {C621FD67-EA50-4AF5-A489-9C2A5E2E9EEA}
		{20F52600-8CC5-4DAD-97D0-D25E6E40B971} = {30AB8EC1-5A92-4AE9-9160-C9496A1DD1DC}
		{79EC29A4-C629-4EEF-A846-3740781C47B6} = {30AB8EC1-5A92-4AE9-9160-C9496A1DD1DC}
		{C8A57414-9047-4F43-9B74-D4C8B558DBA2} = {30AB8EC1-5A92-4AE9-9160-C9496A1DD1DC}
		{93C94B87-7435-4951-A33F-A3F81F898EE5} = {A175A17B-7DF3-4F6F-945A-8E1B527F9F71}
		{1AC00A86-B853-44AB-994C-122A187C5EEB} = {A175A17B-7DF3-4F6F-945A-8E1B527F9F71}
		{394F2CAB-FBE1-4559-B890-2939E88CA927} = {AC5875AA-C41A-410D-8C49-2C0B89E2855B}
		{D3035ED3-04CC-4F0C-ADAF-D41B4308B2FE} = {AC5875AA-C41A-410D-8C49-2C0B89E2855B}
		{3193856B-5F14-4122-A633-EA181329B482} = {AC5875AA-C41A-410D-8C49-2C0B89E2855B}
		{0E83E5B7-07F2-4E32-B520-3AF9137EA016} = {AC5875AA-C41A-410D-8C49-2C0B89E2855B}
		{6F23708E-36C8-48E4-80BD-60472E665385} = {AC5875AA-C41A-410D-8C49-2C0B89E2855B}
		{BF75228F-0B39-4282-A3A9-AD09BA157447} = {AC5875AA-C41A-410D-8C49-2C0B89E2855B}
		{C2A992E3-937E-42B0-8ED8-7B3E192558D6} = {AC5875AA-C41A-410D-8C49-2C0B89E2855B}
		{F1E7065C-3CCE-420C-A12D-BD8043DF552D} = {AC5875AA-C41A-410D-8C49-2C0B89E2855B}
		{90E2E763-BF78-40A5-8325-D4001C66B151} = {AC5875AA-C41A-410D-8C49-2C0B89E2855B}
		{D91EC770-2FE5-4DB5-8BA3-7A6B664E1969} = {AC5875AA-C41A-410D-8C49-2C0B89E2855B}
		{F311AE35-D329-4542-90D3-BDC5CEB26662} = {AC5875AA-C41A-410D-8C49-2C0B89E2855B}
		{8F3E7F2E-F1AD-4D5E-B782-2BC5C4C0204A} = {C621FD67-EA50-4AF5-A489-9C2A5E2E9EEA}
		{ECAC9813-ADAC-48E3-B0AA-1A7147A52AEB} = {8F3E7F2E-F1AD-4D5E-B782-2BC5C4C0204A}
		{D1349CE5-DC3C-4A3E-9BA1-059B33B96C5B} = {8F3E7F2E-F1AD-4D5E-B782-2BC5C4C0204A}
	EndGlobalSection
	GlobalSection(ExtensibilityGlobals) = postSolution
		SolutionGuid = {DFD5A833-D3BA-4827-9896-D43EB5FE978C}
	EndGlobalSection
EndGlobal
